
Microsoft Visual Studio Solution File, Format Version 12.00
# Visual Studio 14
VisualStudioVersion = 14.0.25420.1
MinimumVisualStudioVersion = 10.0.40219.1
Project("{8BC9CEB8-8B4A-11D0-8D11-00A0C91BC942}") = "Task04_NamedOperations", "Task04_NamedOperations\Task04_NamedOperations.vcxproj", "{317D3485-0E6F-4050-9AC5-D2F778BC2DC7}"
EndProject
Project("{8BC9CEB8-8B4A-11D0-8D11-00A0C91BC942}") = "Task04_Test", "Task04_Test\Task04_Test.vcxproj", "{ACE2AFAC-BF83-49C1-AE8C-14F8663E2F6B}"
EndProject
Global
	GlobalSection(SolutionConfigurationPlatforms) = preSolution
		Debug|x64 = Debug|x64
		Debug|x86 = Debug|x86
		Release|x64 = Release|x64
		Release|x86 = Release|x86
	EndGlobalSection
	GlobalSection(ProjectConfigurationPlatforms) = postSolution
		{317D3485-0E6F-4050-9AC5-D2F778BC2DC7}.Debug|x64.ActiveCfg = Debug|x64
		{317D3485-0E6F-4050-9AC5-D2F778BC2DC7}.Debug|x64.Build.0 = Debug|x64
		{317D3485-0E6F-4050-9AC5-D2F778BC2DC7}.Debug|x86.ActiveCfg = Debug|Win32
		{317D3485-0E6F-4050-9AC5-D2F778BC2DC7}.Debug|x86.Build.0 = Debug|Win32
		{317D3485-0E6F-4050-9AC5-D2F778BC2DC7}.Release|x64.ActiveCfg = Release|x64
		{317D3485-0E6F-4050-9AC5-D2F778BC2DC7}.Release|x64.Build.0 = Release|x64
		{317D3485-0E6F-4050-9AC5-D2F778BC2DC7}.Release|x86.ActiveCfg = Release|Win32
		{317D3485-0E6F-4050-9AC5-D2F778BC2DC7}.Release|x86.Build.0 = Release|Win32
		{ACE2AFAC-BF83-49C1-AE8C-14F8663E2F6B}.Debug|x64.ActiveCfg = Debug|x64
		{ACE2AFAC-BF83-49C1-AE8C-14F8663E2F6B}.Debug|x64.Build.0 = Debug|x64
		{ACE2AFAC-BF83-49C1-AE8C-14F8663E2F6B}.Debug|x86.ActiveCfg = Debug|Win32
		{ACE2AFAC-BF83-49C1-AE8C-14F8663E2F6B}.Debug|x86.Build.0 = Debug|Win32
		{ACE2AFAC-BF83-49C1-AE8C-14F8663E2F6B}.Release|x64.ActiveCfg = Release|x64
		{ACE2AFAC-BF83-49C1-AE8C-14F8663E2F6B}.Release|x64.Build.0 = Release|x64
		{ACE2AFAC-BF83-49C1-AE8C-14F8663E2F6B}.Release|x86.ActiveCfg = Release|Win32
		{ACE2AFAC-BF83-49C1-AE8C-14F8663E2F6B}.Release|x86.Build.0 = Release|Win32
	EndGlobalSection
	GlobalSection(SolutionProperties) = preSolution
		HideSolutionNode = FALSE
	EndGlobalSection
EndGlobal
