
Microsoft Visual Studio Solution File, Format Version 12.00
# Visual Studio 15
VisualStudioVersion = 15.0.26430.6
MinimumVisualStudioVersion = 10.0.40219.1
Project("{8BC9CEB8-8B4A-11D0-8D11-00A0C91BC942}") = "01.TemplateListWithRangeLoop", "01.TemplateListWithRangeLoop\01.TemplateListWithRangeLoop.vcxproj", "{9F987F0C-6EF6-42DD-A296-B85B557B46A7}"
EndProject
Project("{8BC9CEB8-8B4A-11D0-8D11-00A0C91BC942}") = "02.ListWithListInit", "02.ListWithListInit\02.ListWithListInit.vcxproj", "{0D7A99E0-B297-4690-9B5C-754E4BFFC725}"
EndProject
Project("{8BC9CEB8-8B4A-11D0-8D11-00A0C91BC942}") = "03.ListWithMoveSemantics", "03.ListWithMoveSemantics\03.ListWithMoveSemantics.vcxproj", "{C84A0213-5131-4B97-891F-04858D97FD87}"
EndProject
Global
	GlobalSection(SolutionConfigurationPlatforms) = preSolution
		Debug|x64 = Debug|x64
		Debug|x86 = Debug|x86
		Release|x64 = Release|x64
		Release|x86 = Release|x86
	EndGlobalSection
	GlobalSection(ProjectConfigurationPlatforms) = postSolution
		{9F987F0C-6EF6-42DD-A296-B85B557B46A7}.Debug|x64.ActiveCfg = Debug|x64
		{9F987F0C-6EF6-42DD-A296-B85B557B46A7}.Debug|x64.Build.0 = Debug|x64
		{9F987F0C-6EF6-42DD-A296-B85B557B46A7}.Debug|x86.ActiveCfg = Debug|Win32
		{9F987F0C-6EF6-42DD-A296-B85B557B46A7}.Debug|x86.Build.0 = Debug|Win32
		{9F987F0C-6EF6-42DD-A296-B85B557B46A7}.Release|x64.ActiveCfg = Release|x64
		{9F987F0C-6EF6-42DD-A296-B85B557B46A7}.Release|x64.Build.0 = Release|x64
		{9F987F0C-6EF6-42DD-A296-B85B557B46A7}.Release|x86.ActiveCfg = Release|Win32
		{9F987F0C-6EF6-42DD-A296-B85B557B46A7}.Release|x86.Build.0 = Release|Win32
		{0D7A99E0-B297-4690-9B5C-754E4BFFC725}.Debug|x64.ActiveCfg = Debug|x64
		{0D7A99E0-B297-4690-9B5C-754E4BFFC725}.Debug|x64.Build.0 = Debug|x64
		{0D7A99E0-B297-4690-9B5C-754E4BFFC725}.Debug|x86.ActiveCfg = Debug|Win32
		{0D7A99E0-B297-4690-9B5C-754E4BFFC725}.Debug|x86.Build.0 = Debug|Win32
		{0D7A99E0-B297-4690-9B5C-754E4BFFC725}.Release|x64.ActiveCfg = Release|x64
		{0D7A99E0-B297-4690-9B5C-754E4BFFC725}.Release|x64.Build.0 = Release|x64
		{0D7A99E0-B297-4690-9B5C-754E4BFFC725}.Release|x86.ActiveCfg = Release|Win32
		{0D7A99E0-B297-4690-9B5C-754E4BFFC725}.Release|x86.Build.0 = Release|Win32
		{C84A0213-5131-4B97-891F-04858D97FD87}.Debug|x64.ActiveCfg = Debug|x64
		{C84A0213-5131-4B97-891F-04858D97FD87}.Debug|x64.Build.0 = Debug|x64
		{C84A0213-5131-4B97-891F-04858D97FD87}.Debug|x86.ActiveCfg = Debug|Win32
		{C84A0213-5131-4B97-891F-04858D97FD87}.Debug|x86.Build.0 = Debug|Win32
		{C84A0213-5131-4B97-891F-04858D97FD87}.Release|x64.ActiveCfg = Release|x64
		{C84A0213-5131-4B97-891F-04858D97FD87}.Release|x64.Build.0 = Release|x64
		{C84A0213-5131-4B97-891F-04858D97FD87}.Release|x86.ActiveCfg = Release|Win32
		{C84A0213-5131-4B97-891F-04858D97FD87}.Release|x86.Build.0 = Release|Win32
	EndGlobalSection
	GlobalSection(SolutionProperties) = preSolution
		HideSolutionNode = FALSE
	EndGlobalSection
EndGlobal
