
Microsoft Visual Studio Solution File, Format Version 12.00
# Visual Studio 14
VisualStudioVersion = 14.0.25420.1
MinimumVisualStudioVersion = 10.0.40219.1
Project("{8BC9CEB8-8B4A-11D0-8D11-00A0C91BC942}") = "01.CompareIntArrays", "01.CompareIntArrays\01.CompareIntArrays.vcxproj", "{A64330D3-824F-460F-A545-B7D27CCB90A3}"
EndProject
Project("{8BC9CEB8-8B4A-11D0-8D11-00A0C91BC942}") = "02.LongestSubsequence", "02.LongestSubsequence\02.LongestSubsequence.vcxproj", "{C0FF9096-FBC7-47A5-A018-6A62E29A1864}"
EndProject
Project("{8BC9CEB8-8B4A-11D0-8D11-00A0C91BC942}") = "03.SelectionSort", "03.SelectionSort\03.SelectionSort.vcxproj", "{53CB0629-0DC3-4758-BDA0-2E26B8998AD4}"
EndProject
Project("{8BC9CEB8-8B4A-11D0-8D11-00A0C91BC942}") = "04.CorrectBrackets", "04.CorrectBrackets\04.CorrectBrackets.vcxproj", "{61ACF573-1D99-441D-9BB4-A7FEEBADFC1F}"
EndProject
Project("{8BC9CEB8-8B4A-11D0-8D11-00A0C91BC942}") = "05.MakeTitleCase", "05.MakeTitleCase\05.MakeTitleCase.vcxproj", "{892A4DF7-B782-4493-9AD0-05DC2B9FF229}"
EndProject
Project("{8BC9CEB8-8B4A-11D0-8D11-00A0C91BC942}") = "06.FindOccurences", "06.FindOccurences\06.FindOccurences.vcxproj", "{54CA4E10-326E-44CA-A162-EC43B27903CC}"
EndProject
Project("{8BC9CEB8-8B4A-11D0-8D11-00A0C91BC942}") = "07.FindAndReplace", "07.FindAndReplace\07.FindAndReplace.vcxproj", "{55B9D6B6-2498-48C6-A025-AFEA49E01E83}"
EndProject
Project("{8BC9CEB8-8B4A-11D0-8D11-00A0C91BC942}") = "08.ParseNumbers", "08.ParseNumbers\08.ParseNumbers.vcxproj", "{B77941B6-0D4F-4890-8780-6E0D9CE5DD5F}"
EndProject
Project("{8BC9CEB8-8B4A-11D0-8D11-00A0C91BC942}") = "09.ParseNumbersWithFiles", "09.ParseNumbersWithFiles\09.ParseNumbersWithFiles.vcxproj", "{24B04266-3134-4187-B601-9AA3DBA66C72}"
EndProject
Global
	GlobalSection(SolutionConfigurationPlatforms) = preSolution
		Debug|x64 = Debug|x64
		Debug|x86 = Debug|x86
		Release|x64 = Release|x64
		Release|x86 = Release|x86
	EndGlobalSection
	GlobalSection(ProjectConfigurationPlatforms) = postSolution
		{A64330D3-824F-460F-A545-B7D27CCB90A3}.Debug|x64.ActiveCfg = Debug|x64
		{A64330D3-824F-460F-A545-B7D27CCB90A3}.Debug|x64.Build.0 = Debug|x64
		{A64330D3-824F-460F-A545-B7D27CCB90A3}.Debug|x86.ActiveCfg = Debug|Win32
		{A64330D3-824F-460F-A545-B7D27CCB90A3}.Debug|x86.Build.0 = Debug|Win32
		{A64330D3-824F-460F-A545-B7D27CCB90A3}.Release|x64.ActiveCfg = Release|x64
		{A64330D3-824F-460F-A545-B7D27CCB90A3}.Release|x64.Build.0 = Release|x64
		{A64330D3-824F-460F-A545-B7D27CCB90A3}.Release|x86.ActiveCfg = Release|Win32
		{A64330D3-824F-460F-A545-B7D27CCB90A3}.Release|x86.Build.0 = Release|Win32
		{C0FF9096-FBC7-47A5-A018-6A62E29A1864}.Debug|x64.ActiveCfg = Debug|x64
		{C0FF9096-FBC7-47A5-A018-6A62E29A1864}.Debug|x64.Build.0 = Debug|x64
		{C0FF9096-FBC7-47A5-A018-6A62E29A1864}.Debug|x86.ActiveCfg = Debug|Win32
		{C0FF9096-FBC7-47A5-A018-6A62E29A1864}.Debug|x86.Build.0 = Debug|Win32
		{C0FF9096-FBC7-47A5-A018-6A62E29A1864}.Release|x64.ActiveCfg = Release|x64
		{C0FF9096-FBC7-47A5-A018-6A62E29A1864}.Release|x64.Build.0 = Release|x64
		{C0FF9096-FBC7-47A5-A018-6A62E29A1864}.Release|x86.ActiveCfg = Release|Win32
		{C0FF9096-FBC7-47A5-A018-6A62E29A1864}.Release|x86.Build.0 = Release|Win32
		{53CB0629-0DC3-4758-BDA0-2E26B8998AD4}.Debug|x64.ActiveCfg = Debug|x64
		{53CB0629-0DC3-4758-BDA0-2E26B8998AD4}.Debug|x64.Build.0 = Debug|x64
		{53CB0629-0DC3-4758-BDA0-2E26B8998AD4}.Debug|x86.ActiveCfg = Debug|Win32
		{53CB0629-0DC3-4758-BDA0-2E26B8998AD4}.Debug|x86.Build.0 = Debug|Win32
		{53CB0629-0DC3-4758-BDA0-2E26B8998AD4}.Release|x64.ActiveCfg = Release|x64
		{53CB0629-0DC3-4758-BDA0-2E26B8998AD4}.Release|x64.Build.0 = Release|x64
		{53CB0629-0DC3-4758-BDA0-2E26B8998AD4}.Release|x86.ActiveCfg = Release|Win32
		{53CB0629-0DC3-4758-BDA0-2E26B8998AD4}.Release|x86.Build.0 = Release|Win32
		{61ACF573-1D99-441D-9BB4-A7FEEBADFC1F}.Debug|x64.ActiveCfg = Debug|x64
		{61ACF573-1D99-441D-9BB4-A7FEEBADFC1F}.Debug|x64.Build.0 = Debug|x64
		{61ACF573-1D99-441D-9BB4-A7FEEBADFC1F}.Debug|x86.ActiveCfg = Debug|Win32
		{61ACF573-1D99-441D-9BB4-A7FEEBADFC1F}.Debug|x86.Build.0 = Debug|Win32
		{61ACF573-1D99-441D-9BB4-A7FEEBADFC1F}.Release|x64.ActiveCfg = Release|x64
		{61ACF573-1D99-441D-9BB4-A7FEEBADFC1F}.Release|x64.Build.0 = Release|x64
		{61ACF573-1D99-441D-9BB4-A7FEEBADFC1F}.Release|x86.ActiveCfg = Release|Win32
		{61ACF573-1D99-441D-9BB4-A7FEEBADFC1F}.Release|x86.Build.0 = Release|Win32
		{892A4DF7-B782-4493-9AD0-05DC2B9FF229}.Debug|x64.ActiveCfg = Debug|x64
		{892A4DF7-B782-4493-9AD0-05DC2B9FF229}.Debug|x64.Build.0 = Debug|x64
		{892A4DF7-B782-4493-9AD0-05DC2B9FF229}.Debug|x86.ActiveCfg = Debug|Win32
		{892A4DF7-B782-4493-9AD0-05DC2B9FF229}.Debug|x86.Build.0 = Debug|Win32
		{892A4DF7-B782-4493-9AD0-05DC2B9FF229}.Release|x64.ActiveCfg = Release|x64
		{892A4DF7-B782-4493-9AD0-05DC2B9FF229}.Release|x64.Build.0 = Release|x64
		{892A4DF7-B782-4493-9AD0-05DC2B9FF229}.Release|x86.ActiveCfg = Release|Win32
		{892A4DF7-B782-4493-9AD0-05DC2B9FF229}.Release|x86.Build.0 = Release|Win32
		{54CA4E10-326E-44CA-A162-EC43B27903CC}.Debug|x64.ActiveCfg = Debug|x64
		{54CA4E10-326E-44CA-A162-EC43B27903CC}.Debug|x64.Build.0 = Debug|x64
		{54CA4E10-326E-44CA-A162-EC43B27903CC}.Debug|x86.ActiveCfg = Debug|Win32
		{54CA4E10-326E-44CA-A162-EC43B27903CC}.Debug|x86.Build.0 = Debug|Win32
		{54CA4E10-326E-44CA-A162-EC43B27903CC}.Release|x64.ActiveCfg = Release|x64
		{54CA4E10-326E-44CA-A162-EC43B27903CC}.Release|x64.Build.0 = Release|x64
		{54CA4E10-326E-44CA-A162-EC43B27903CC}.Release|x86.ActiveCfg = Release|Win32
		{54CA4E10-326E-44CA-A162-EC43B27903CC}.Release|x86.Build.0 = Release|Win32
		{55B9D6B6-2498-48C6-A025-AFEA49E01E83}.Debug|x64.ActiveCfg = Debug|x64
		{55B9D6B6-2498-48C6-A025-AFEA49E01E83}.Debug|x64.Build.0 = Debug|x64
		{55B9D6B6-2498-48C6-A025-AFEA49E01E83}.Debug|x86.ActiveCfg = Debug|Win32
		{55B9D6B6-2498-48C6-A025-AFEA49E01E83}.Debug|x86.Build.0 = Debug|Win32
		{55B9D6B6-2498-48C6-A025-AFEA49E01E83}.Release|x64.ActiveCfg = Release|x64
		{55B9D6B6-2498-48C6-A025-AFEA49E01E83}.Release|x64.Build.0 = Release|x64
		{55B9D6B6-2498-48C6-A025-AFEA49E01E83}.Release|x86.ActiveCfg = Release|Win32
		{55B9D6B6-2498-48C6-A025-AFEA49E01E83}.Release|x86.Build.0 = Release|Win32
		{B77941B6-0D4F-4890-8780-6E0D9CE5DD5F}.Debug|x64.ActiveCfg = Debug|x64
		{B77941B6-0D4F-4890-8780-6E0D9CE5DD5F}.Debug|x64.Build.0 = Debug|x64
		{B77941B6-0D4F-4890-8780-6E0D9CE5DD5F}.Debug|x86.ActiveCfg = Debug|Win32
		{B77941B6-0D4F-4890-8780-6E0D9CE5DD5F}.Debug|x86.Build.0 = Debug|Win32
		{B77941B6-0D4F-4890-8780-6E0D9CE5DD5F}.Release|x64.ActiveCfg = Release|x64
		{B77941B6-0D4F-4890-8780-6E0D9CE5DD5F}.Release|x64.Build.0 = Release|x64
		{B77941B6-0D4F-4890-8780-6E0D9CE5DD5F}.Release|x86.ActiveCfg = Release|Win32
		{B77941B6-0D4F-4890-8780-6E0D9CE5DD5F}.Release|x86.Build.0 = Release|Win32
		{24B04266-3134-4187-B601-9AA3DBA66C72}.Debug|x64.ActiveCfg = Debug|x64
		{24B04266-3134-4187-B601-9AA3DBA66C72}.Debug|x64.Build.0 = Debug|x64
		{24B04266-3134-4187-B601-9AA3DBA66C72}.Debug|x86.ActiveCfg = Debug|Win32
		{24B04266-3134-4187-B601-9AA3DBA66C72}.Debug|x86.Build.0 = Debug|Win32
		{24B04266-3134-4187-B601-9AA3DBA66C72}.Release|x64.ActiveCfg = Release|x64
		{24B04266-3134-4187-B601-9AA3DBA66C72}.Release|x64.Build.0 = Release|x64
		{24B04266-3134-4187-B601-9AA3DBA66C72}.Release|x86.ActiveCfg = Release|Win32
		{24B04266-3134-4187-B601-9AA3DBA66C72}.Release|x86.Build.0 = Release|Win32
	EndGlobalSection
	GlobalSection(SolutionProperties) = preSolution
		HideSolutionNode = FALSE
	EndGlobalSection
EndGlobal
