
Microsoft Visual Studio Solution File, Format Version 12.00
# Visual Studio 15
VisualStudioVersion = 15.0.26430.6
MinimumVisualStudioVersion = 10.0.40219.1
Project("{8BC9CEB8-8B4A-11D0-8D11-00A0C91BC942}") = "Task01_Instructions", "Task01_Instructions\Task01_Instructions.vcxproj", "{DCBC568B-7378-4E5C-9662-36A1CB9DE5CA}"
EndProject
Project("{8BC9CEB8-8B4A-11D0-8D11-00A0C91BC942}") = "Task03_Minerals", "Task03_Minerals\Task03_Minerals.vcxproj", "{F4AFD300-FE3E-4E4E-B035-9CD1B243837C}"
EndProject
Project("{8BC9CEB8-8B4A-11D0-8D11-00A0C91BC942}") = "Task03_Minerals_TestGenerator", "Task03_Minerals_TestGenerator\Task03_Minerals_TestGenerator.vcxproj", "{DDE1353F-C2D9-4A3E-8C0E-575E529824CD}"
EndProject
Project("{8BC9CEB8-8B4A-11D0-8D11-00A0C91BC942}") = "Task04_Visitors", "Task04_Visitors\Task04_Visitors.vcxproj", "{DB379AF1-5831-42A0-B709-AB11D4BB7921}"
EndProject
Project("{8BC9CEB8-8B4A-11D0-8D11-00A0C91BC942}") = "Task02_Rox", "Task02_Rox\Task02_Rox.vcxproj", "{AC7DC2FA-21E6-46B1-827B-7434DDDDD3E7}"
EndProject
Project("{8BC9CEB8-8B4A-11D0-8D11-00A0C91BC942}") = "StringSearchingAlgorithms", "StringSearchingAlgorithms\StringSearchingAlgorithms.vcxproj", "{DD87E9A9-15E8-47BC-BA82-EB2ADEF097CE}"
EndProject
Project("{8BC9CEB8-8B4A-11D0-8D11-00A0C91BC942}") = "Task02_Rox_TestGenerator", "Task02_Rox_TestGenerator\Task02_Rox_TestGenerator.vcxproj", "{BDADF92F-440F-4975-83BC-84D63B7033BC}"
EndProject
Global
	GlobalSection(SolutionConfigurationPlatforms) = preSolution
		Debug|x64 = Debug|x64
		Debug|x86 = Debug|x86
		Release|x64 = Release|x64
		Release|x86 = Release|x86
	EndGlobalSection
	GlobalSection(ProjectConfigurationPlatforms) = postSolution
		{DCBC568B-7378-4E5C-9662-36A1CB9DE5CA}.Debug|x64.ActiveCfg = Debug|x64
		{DCBC568B-7378-4E5C-9662-36A1CB9DE5CA}.Debug|x64.Build.0 = Debug|x64
		{DCBC568B-7378-4E5C-9662-36A1CB9DE5CA}.Debug|x86.ActiveCfg = Debug|Win32
		{DCBC568B-7378-4E5C-9662-36A1CB9DE5CA}.Debug|x86.Build.0 = Debug|Win32
		{DCBC568B-7378-4E5C-9662-36A1CB9DE5CA}.Release|x64.ActiveCfg = Release|x64
		{DCBC568B-7378-4E5C-9662-36A1CB9DE5CA}.Release|x64.Build.0 = Release|x64
		{DCBC568B-7378-4E5C-9662-36A1CB9DE5CA}.Release|x86.ActiveCfg = Release|Win32
		{DCBC568B-7378-4E5C-9662-36A1CB9DE5CA}.Release|x86.Build.0 = Release|Win32
		{F4AFD300-FE3E-4E4E-B035-9CD1B243837C}.Debug|x64.ActiveCfg = Debug|x64
		{F4AFD300-FE3E-4E4E-B035-9CD1B243837C}.Debug|x64.Build.0 = Debug|x64
		{F4AFD300-FE3E-4E4E-B035-9CD1B243837C}.Debug|x86.ActiveCfg = Debug|Win32
		{F4AFD300-FE3E-4E4E-B035-9CD1B243837C}.Debug|x86.Build.0 = Debug|Win32
		{F4AFD300-FE3E-4E4E-B035-9CD1B243837C}.Release|x64.ActiveCfg = Release|x64
		{F4AFD300-FE3E-4E4E-B035-9CD1B243837C}.Release|x64.Build.0 = Release|x64
		{F4AFD300-FE3E-4E4E-B035-9CD1B243837C}.Release|x86.ActiveCfg = Release|Win32
		{F4AFD300-FE3E-4E4E-B035-9CD1B243837C}.Release|x86.Build.0 = Release|Win32
		{DDE1353F-C2D9-4A3E-8C0E-575E529824CD}.Debug|x64.ActiveCfg = Debug|x64
		{DDE1353F-C2D9-4A3E-8C0E-575E529824CD}.Debug|x64.Build.0 = Debug|x64
		{DDE1353F-C2D9-4A3E-8C0E-575E529824CD}.Debug|x86.ActiveCfg = Debug|Win32
		{DDE1353F-C2D9-4A3E-8C0E-575E529824CD}.Debug|x86.Build.0 = Debug|Win32
		{DDE1353F-C2D9-4A3E-8C0E-575E529824CD}.Release|x64.ActiveCfg = Release|x64
		{DDE1353F-C2D9-4A3E-8C0E-575E529824CD}.Release|x64.Build.0 = Release|x64
		{DDE1353F-C2D9-4A3E-8C0E-575E529824CD}.Release|x86.ActiveCfg = Release|Win32
		{DDE1353F-C2D9-4A3E-8C0E-575E529824CD}.Release|x86.Build.0 = Release|Win32
		{DB379AF1-5831-42A0-B709-AB11D4BB7921}.Debug|x64.ActiveCfg = Debug|x64
		{DB379AF1-5831-42A0-B709-AB11D4BB7921}.Debug|x64.Build.0 = Debug|x64
		{DB379AF1-5831-42A0-B709-AB11D4BB7921}.Debug|x86.ActiveCfg = Debug|Win32
		{DB379AF1-5831-42A0-B709-AB11D4BB7921}.Debug|x86.Build.0 = Debug|Win32
		{DB379AF1-5831-42A0-B709-AB11D4BB7921}.Release|x64.ActiveCfg = Release|x64
		{DB379AF1-5831-42A0-B709-AB11D4BB7921}.Release|x64.Build.0 = Release|x64
		{DB379AF1-5831-42A0-B709-AB11D4BB7921}.Release|x86.ActiveCfg = Release|Win32
		{DB379AF1-5831-42A0-B709-AB11D4BB7921}.Release|x86.Build.0 = Release|Win32
		{AC7DC2FA-21E6-46B1-827B-7434DDDDD3E7}.Debug|x64.ActiveCfg = Debug|x64
		{AC7DC2FA-21E6-46B1-827B-7434DDDDD3E7}.Debug|x64.Build.0 = Debug|x64
		{AC7DC2FA-21E6-46B1-827B-7434DDDDD3E7}.Debug|x86.ActiveCfg = Debug|Win32
		{AC7DC2FA-21E6-46B1-827B-7434DDDDD3E7}.Debug|x86.Build.0 = Debug|Win32
		{AC7DC2FA-21E6-46B1-827B-7434DDDDD3E7}.Release|x64.ActiveCfg = Release|x64
		{AC7DC2FA-21E6-46B1-827B-7434DDDDD3E7}.Release|x64.Build.0 = Release|x64
		{AC7DC2FA-21E6-46B1-827B-7434DDDDD3E7}.Release|x86.ActiveCfg = Release|Win32
		{AC7DC2FA-21E6-46B1-827B-7434DDDDD3E7}.Release|x86.Build.0 = Release|Win32
		{DD87E9A9-15E8-47BC-BA82-EB2ADEF097CE}.Debug|x64.ActiveCfg = Debug|x64
		{DD87E9A9-15E8-47BC-BA82-EB2ADEF097CE}.Debug|x64.Build.0 = Debug|x64
		{DD87E9A9-15E8-47BC-BA82-EB2ADEF097CE}.Debug|x86.ActiveCfg = Debug|Win32
		{DD87E9A9-15E8-47BC-BA82-EB2ADEF097CE}.Debug|x86.Build.0 = Debug|Win32
		{DD87E9A9-15E8-47BC-BA82-EB2ADEF097CE}.Release|x64.ActiveCfg = Release|x64
		{DD87E9A9-15E8-47BC-BA82-EB2ADEF097CE}.Release|x64.Build.0 = Release|x64
		{DD87E9A9-15E8-47BC-BA82-EB2ADEF097CE}.Release|x86.ActiveCfg = Release|Win32
		{DD87E9A9-15E8-47BC-BA82-EB2ADEF097CE}.Release|x86.Build.0 = Release|Win32
		{BDADF92F-440F-4975-83BC-84D63B7033BC}.Debug|x64.ActiveCfg = Debug|x64
		{BDADF92F-440F-4975-83BC-84D63B7033BC}.Debug|x64.Build.0 = Debug|x64
		{BDADF92F-440F-4975-83BC-84D63B7033BC}.Debug|x86.ActiveCfg = Debug|Win32
		{BDADF92F-440F-4975-83BC-84D63B7033BC}.Debug|x86.Build.0 = Debug|Win32
		{BDADF92F-440F-4975-83BC-84D63B7033BC}.Release|x64.ActiveCfg = Release|x64
		{BDADF92F-440F-4975-83BC-84D63B7033BC}.Release|x64.Build.0 = Release|x64
		{BDADF92F-440F-4975-83BC-84D63B7033BC}.Release|x86.ActiveCfg = Release|Win32
		{BDADF92F-440F-4975-83BC-84D63B7033BC}.Release|x86.Build.0 = Release|Win32
	EndGlobalSection
	GlobalSection(SolutionProperties) = preSolution
		HideSolutionNode = FALSE
	EndGlobalSection
EndGlobal
